
Microsoft Visual Studio Solution File, Format Version 12.00
# Visual Studio Version 17
VisualStudioVersion = 17.0.31919.166
MinimumVisualStudioVersion = 10.0.40219.1
Project("{FAE04EC0-301F-11D3-BF4B-00C04F79EFBC}") = "git-test-app", "git-test-app\git-test-app.csproj", "{E33D929C-E25F-4896-97F8-7B1422D43CCE}"
EndProject
Global
	GlobalSection(SolutionConfigurationPlatforms) = preSolution
		Debug|Any CPU = Debug|Any CPU
		Release|Any CPU = Release|Any CPU
	EndGlobalSection
	GlobalSection(ProjectConfigurationPlatforms) = postSolution
		{E33D929C-E25F-4896-97F8-7B1422D43CCE}.Debug|Any CPU.ActiveCfg = Debug|Any CPU
		{E33D929C-E25F-4896-97F8-7B1422D43CCE}.Debug|Any CPU.Build.0 = Debug|Any CPU
		{E33D929C-E25F-4896-97F8-7B1422D43CCE}.Release|Any CPU.ActiveCfg = Release|Any CPU
		{E33D929C-E25F-4896-97F8-7B1422D43CCE}.Release|Any CPU.Build.0 = Release|Any CPU
	EndGlobalSection
	GlobalSection(SolutionProperties) = preSolution
		HideSolutionNode = FALSE
	EndGlobalSection
	GlobalSection(ExtensibilityGlobals) = postSolution
		SolutionGuid = {90C1836B-BE32-44F5-A0E3-B3AD94836031}
	EndGlobalSection
EndGlobal
